
Microsoft Visual Studio Solution File, Format Version 12.00
# Visual Studio 2013
VisualStudioVersion = 12.0.40629.0
MinimumVisualStudioVersion = 10.0.40219.1
Project("{FAE04EC0-301F-11D3-BF4B-00C04F79EFBC}") = "PrototyyppiSovellus", "Esimerkkisovellus\PrototyyppiSovellus.csproj", "{CD7C2A6E-4AA1-4427-B863-271D9104C7A9}"
EndProject
Project("{FAE04EC0-301F-11D3-BF4B-00C04F79EFBC}") = "PrototyyppiSovellusUnitTests", "EsimerkkisovellusUnitTests\PrototyyppiSovellusUnitTests.csproj", "{5D44BA7E-9E42-48BB-BF38-43075D04A545}"
EndProject
Global
	GlobalSection(SolutionConfigurationPlatforms) = preSolution
		Debug|Any CPU = Debug|Any CPU
		Release|Any CPU = Release|Any CPU
	EndGlobalSection
	GlobalSection(ProjectConfigurationPlatforms) = postSolution
		{CD7C2A6E-4AA1-4427-B863-271D9104C7A9}.Debug|Any CPU.ActiveCfg = Debug|Any CPU
		{CD7C2A6E-4AA1-4427-B863-271D9104C7A9}.Debug|Any CPU.Build.0 = Debug|Any CPU
		{CD7C2A6E-4AA1-4427-B863-271D9104C7A9}.Release|Any CPU.ActiveCfg = Release|Any CPU
		{CD7C2A6E-4AA1-4427-B863-271D9104C7A9}.Release|Any CPU.Build.0 = Release|Any CPU
		{5D44BA7E-9E42-48BB-BF38-43075D04A545}.Debug|Any CPU.ActiveCfg = Debug|Any CPU
		{5D44BA7E-9E42-48BB-BF38-43075D04A545}.Debug|Any CPU.Build.0 = Debug|Any CPU
		{5D44BA7E-9E42-48BB-BF38-43075D04A545}.Release|Any CPU.ActiveCfg = Release|Any CPU
		{5D44BA7E-9E42-48BB-BF38-43075D04A545}.Release|Any CPU.Build.0 = Release|Any CPU
	EndGlobalSection
	GlobalSection(SolutionProperties) = preSolution
		HideSolutionNode = FALSE
	EndGlobalSection
EndGlobal
